// !$*UTF8*$!
{
	archiveVersion = 1;
	classes = {
	};
	objectVersion = 46;
	objects = {

/* Begin PBXBuildFile section */
		95BBBD89E858CF0ED7FF7A03 /* Pods_Linguist.framework in Frameworks */ = {isa = PBXBuildFile; fileRef = 69B5F43C3C091A4F960DE883 /* Pods_Linguist.framework */; };
		AA456AFA1DC5412300D9FD8B /* DuoUser.swift in Sources */ = {isa = PBXBuildFile; fileRef = AA456AF91DC5412300D9FD8B /* DuoUser.swift */; };
		AA456AFC1DC5422000D9FD8B /* DuoLanguage.swift in Sources */ = {isa = PBXBuildFile; fileRef = AA456AFB1DC5422000D9FD8B /* DuoLanguage.swift */; };
		AA456AFE1DC6AA5D00D9FD8B /* DuoImprovement.swift in Sources */ = {isa = PBXBuildFile; fileRef = AA456AFD1DC6AA5D00D9FD8B /* DuoImprovement.swift */; };
		AA456B001DC6E6E300D9FD8B /* DuoSkill.swift in Sources */ = {isa = PBXBuildFile; fileRef = AA456AFF1DC6E6E300D9FD8B /* DuoSkill.swift */; };
		AA456B031DC7D02E00D9FD8B /* CircleTileView.swift in Sources */ = {isa = PBXBuildFile; fileRef = AA456B021DC7D02E00D9FD8B /* CircleTileView.swift */; };
		AA456B051DC7E53500D9FD8B /* UserEnterVC.swift in Sources */ = {isa = PBXBuildFile; fileRef = AA456B041DC7E53500D9FD8B /* UserEnterVC.swift */; };
		AAF261991DC532AA0000E024 /* AppDelegate.swift in Sources */ = {isa = PBXBuildFile; fileRef = AAF261981DC532AA0000E024 /* AppDelegate.swift */; };
		AAF2619B1DC532AA0000E024 /* MainVC.swift in Sources */ = {isa = PBXBuildFile; fileRef = AAF2619A1DC532AA0000E024 /* MainVC.swift */; };
		AAF2619E1DC532AA0000E024 /* Main.storyboard in Resources */ = {isa = PBXBuildFile; fileRef = AAF2619C1DC532AA0000E024 /* Main.storyboard */; };
		AAF261A01DC532AA0000E024 /* Assets.xcassets in Resources */ = {isa = PBXBuildFile; fileRef = AAF2619F1DC532AA0000E024 /* Assets.xcassets */; };
		AAF261A31DC532AA0000E024 /* LaunchScreen.storyboard in Resources */ = {isa = PBXBuildFile; fileRef = AAF261A11DC532AA0000E024 /* LaunchScreen.storyboard */; };
		AAF261AD1DC535720000E024 /* DuoClient.swift in Sources */ = {isa = PBXBuildFile; fileRef = AAF261AC1DC535720000E024 /* DuoClient.swift */; };
/* End PBXBuildFile section */

/* Begin PBXFileReference section */
		608E50722660DA1C2B684B20 /* Pods-Linguist.debug.xcconfig */ = {isa = PBXFileReference; includeInIndex = 1; lastKnownFileType = text.xcconfig; name = "Pods-Linguist.debug.xcconfig"; path = "Pods/Target Support Files/Pods-Linguist/Pods-Linguist.debug.xcconfig"; sourceTree = "<group>"; };
		69B5F43C3C091A4F960DE883 /* Pods_Linguist.framework */ = {isa = PBXFileReference; explicitFileType = wrapper.framework; includeInIndex = 0; path = Pods_Linguist.framework; sourceTree = BUILT_PRODUCTS_DIR; };
		AA456AF91DC5412300D9FD8B /* DuoUser.swift */ = {isa = PBXFileReference; fileEncoding = 4; lastKnownFileType = sourcecode.swift; name = DuoUser.swift; path = Models/DuoUser.swift; sourceTree = "<group>"; };
		AA456AFB1DC5422000D9FD8B /* DuoLanguage.swift */ = {isa = PBXFileReference; fileEncoding = 4; lastKnownFileType = sourcecode.swift; name = DuoLanguage.swift; path = Models/DuoLanguage.swift; sourceTree = "<group>"; };
		AA456AFD1DC6AA5D00D9FD8B /* DuoImprovement.swift */ = {isa = PBXFileReference; fileEncoding = 4; lastKnownFileType = sourcecode.swift; name = DuoImprovement.swift; path = Models/DuoImprovement.swift; sourceTree = "<group>"; };
		AA456AFF1DC6E6E300D9FD8B /* DuoSkill.swift */ = {isa = PBXFileReference; fileEncoding = 4; lastKnownFileType = sourcecode.swift; name = DuoSkill.swift; path = Models/DuoSkill.swift; sourceTree = "<group>"; };
		AA456B021DC7D02E00D9FD8B /* CircleTileView.swift */ = {isa = PBXFileReference; fileEncoding = 4; lastKnownFileType = sourcecode.swift; name = CircleTileView.swift; path = Views/CircleTileView.swift; sourceTree = "<group>"; };
		AA456B041DC7E53500D9FD8B /* UserEnterVC.swift */ = {isa = PBXFileReference; fileEncoding = 4; lastKnownFileType = sourcecode.swift; name = UserEnterVC.swift; path = Controllers/UserEnterVC.swift; sourceTree = "<group>"; };
		AAF261951DC532AA0000E024 /* Linguist.app */ = {isa = PBXFileReference; explicitFileType = wrapper.application; includeInIndex = 0; path = Linguist.app; sourceTree = BUILT_PRODUCTS_DIR; };
		AAF261981DC532AA0000E024 /* AppDelegate.swift */ = {isa = PBXFileReference; lastKnownFileType = sourcecode.swift; path = AppDelegate.swift; sourceTree = "<group>"; };
		AAF2619A1DC532AA0000E024 /* MainVC.swift */ = {isa = PBXFileReference; lastKnownFileType = sourcecode.swift; path = MainVC.swift; sourceTree = "<group>"; };
		AAF2619D1DC532AA0000E024 /* Base */ = {isa = PBXFileReference; lastKnownFileType = file.storyboard; name = Base; path = Base.lproj/Main.storyboard; sourceTree = "<group>"; };
		AAF2619F1DC532AA0000E024 /* Assets.xcassets */ = {isa = PBXFileReference; lastKnownFileType = folder.assetcatalog; path = Assets.xcassets; sourceTree = "<group>"; };
		AAF261A21DC532AA0000E024 /* Base */ = {isa = PBXFileReference; lastKnownFileType = file.storyboard; name = Base; path = Base.lproj/LaunchScreen.storyboard; sourceTree = "<group>"; };
		AAF261A41DC532AA0000E024 /* Info.plist */ = {isa = PBXFileReference; lastKnownFileType = text.plist.xml; path = Info.plist; sourceTree = "<group>"; };
		AAF261AC1DC535720000E024 /* DuoClient.swift */ = {isa = PBXFileReference; fileEncoding = 4; lastKnownFileType = sourcecode.swift; name = DuoClient.swift; path = Models/DuoClient.swift; sourceTree = "<group>"; };
		BFC676647AF36D8E021C9EEF /* Pods-Linguist.release.xcconfig */ = {isa = PBXFileReference; includeInIndex = 1; lastKnownFileType = text.xcconfig; name = "Pods-Linguist.release.xcconfig"; path = "Pods/Target Support Files/Pods-Linguist/Pods-Linguist.release.xcconfig"; sourceTree = "<group>"; };
/* End PBXFileReference section */

/* Begin PBXFrameworksBuildPhase section */
		AAF261921DC532AA0000E024 /* Frameworks */ = {
			isa = PBXFrameworksBuildPhase;
			buildActionMask = 2147483647;
			files = (
				95BBBD89E858CF0ED7FF7A03 /* Pods_Linguist.framework in Frameworks */,
			);
			runOnlyForDeploymentPostprocessing = 0;
		};
/* End PBXFrameworksBuildPhase section */

/* Begin PBXGroup section */
		0A4EDD1E770F276D6D18F8A2 /* Frameworks */ = {
			isa = PBXGroup;
			children = (
				69B5F43C3C091A4F960DE883 /* Pods_Linguist.framework */,
			);
			name = Frameworks;
			sourceTree = "<group>";
		};
		AA456B011DC7D01100D9FD8B /* Views */ = {
			isa = PBXGroup;
			children = (
				AA456B021DC7D02E00D9FD8B /* CircleTileView.swift */,
			);
			name = Views;
			sourceTree = "<group>";
		};
		AAF2618C1DC532AA0000E024 = {
			isa = PBXGroup;
			children = (
				AAF261971DC532AA0000E024 /* Linguist */,
				AAF261961DC532AA0000E024 /* Products */,
				DB60E9EA5BE3E0F6B4AFA9E2 /* Pods */,
				0A4EDD1E770F276D6D18F8A2 /* Frameworks */,
			);
			sourceTree = "<group>";
		};
		AAF261961DC532AA0000E024 /* Products */ = {
			isa = PBXGroup;
			children = (
				AAF261951DC532AA0000E024 /* Linguist.app */,
			);
			name = Products;
			sourceTree = "<group>";
		};
		AAF261971DC532AA0000E024 /* Linguist */ = {
			isa = PBXGroup;
			children = (
				AAF261981DC532AA0000E024 /* AppDelegate.swift */,
				AAF2619C1DC532AA0000E024 /* Main.storyboard */,
				AAF261AB1DC535420000E024 /* Models */,
				AA456B011DC7D01100D9FD8B /* Views */,
				AAF261AA1DC532D60000E024 /* Controllers */,
				AAF261A11DC532AA0000E024 /* LaunchScreen.storyboard */,
				AAF261A41DC532AA0000E024 /* Info.plist */,
				AAF2619F1DC532AA0000E024 /* Assets.xcassets */,
			);
			path = Linguist;
			sourceTree = "<group>";
		};
		AAF261AA1DC532D60000E024 /* Controllers */ = {
			isa = PBXGroup;
			children = (
				AAF2619A1DC532AA0000E024 /* MainVC.swift */,
				AA456B041DC7E53500D9FD8B /* UserEnterVC.swift */,
			);
			name = Controllers;
			sourceTree = "<group>";
		};
		AAF261AB1DC535420000E024 /* Models */ = {
			isa = PBXGroup;
			children = (
				AAF261AC1DC535720000E024 /* DuoClient.swift */,
				AA456AF91DC5412300D9FD8B /* DuoUser.swift */,
				AA456AFB1DC5422000D9FD8B /* DuoLanguage.swift */,
				AA456AFD1DC6AA5D00D9FD8B /* DuoImprovement.swift */,
				AA456AFF1DC6E6E300D9FD8B /* DuoSkill.swift */,
			);
			name = Models;
			sourceTree = "<group>";
		};
		DB60E9EA5BE3E0F6B4AFA9E2 /* Pods */ = {
			isa = PBXGroup;
			children = (
				608E50722660DA1C2B684B20 /* Pods-Linguist.debug.xcconfig */,
				BFC676647AF36D8E021C9EEF /* Pods-Linguist.release.xcconfig */,
			);
			name = Pods;
			sourceTree = "<group>";
		};
/* End PBXGroup section */

/* Begin PBXNativeTarget section */
		AAF261941DC532AA0000E024 /* Linguist */ = {
			isa = PBXNativeTarget;
			buildConfigurationList = AAF261A71DC532AA0000E024 /* Build configuration list for PBXNativeTarget "Linguist" */;
			buildPhases = (
				CE76832B5DF002BEA55B2A8B /* [CP] Check Pods Manifest.lock */,
				AAF261911DC532AA0000E024 /* Sources */,
				AAF261921DC532AA0000E024 /* Frameworks */,
				AAF261931DC532AA0000E024 /* Resources */,
				F2BF0F5A433EEEE2A6650819 /* [CP] Embed Pods Frameworks */,
				F859976EF3DA2E2892C04502 /* [CP] Copy Pods Resources */,
			);
			buildRules = (
			);
			dependencies = (
			);
			name = Linguist;
			productName = Linguist;
			productReference = AAF261951DC532AA0000E024 /* Linguist.app */;
			productType = "com.apple.product-type.application";
		};
/* End PBXNativeTarget section */

/* Begin PBXProject section */
		AAF2618D1DC532AA0000E024 /* Project object */ = {
			isa = PBXProject;
			attributes = {
				LastSwiftUpdateCheck = 0810;
				LastUpgradeCheck = 0810;
				ORGANIZATIONNAME = 31Labs;
				TargetAttributes = {
					AAF261941DC532AA0000E024 = {
						CreatedOnToolsVersion = 8.1;
						DevelopmentTeam = 47V5P5JJNR;
						ProvisioningStyle = Automatic;
					};
				};
			};
			buildConfigurationList = AAF261901DC532AA0000E024 /* Build configuration list for PBXProject "Linguist" */;
			compatibilityVersion = "Xcode 3.2";
			developmentRegion = English;
			hasScannedForEncodings = 0;
			knownRegions = (
				en,
				Base,
			);
			mainGroup = AAF2618C1DC532AA0000E024;
			productRefGroup = AAF261961DC532AA0000E024 /* Products */;
			projectDirPath = "";
			projectRoot = "";
			targets = (
				AAF261941DC532AA0000E024 /* Linguist */,
			);
		};
/* End PBXProject section */

/* Begin PBXResourcesBuildPhase section */
		AAF261931DC532AA0000E024 /* Resources */ = {
			isa = PBXResourcesBuildPhase;
			buildActionMask = 2147483647;
			files = (
				AAF261A31DC532AA0000E024 /* LaunchScreen.storyboard in Resources */,
				AAF261A01DC532AA0000E024 /* Assets.xcassets in Resources */,
				AAF2619E1DC532AA0000E024 /* Main.storyboard in Resources */,
			);
			runOnlyForDeploymentPostprocessing = 0;
		};
/* End PBXResourcesBuildPhase section */

/* Begin PBXShellScriptBuildPhase section */
		CE76832B5DF002BEA55B2A8B /* [CP] Check Pods Manifest.lock */ = {
			isa = PBXShellScriptBuildPhase;
			buildActionMask = 2147483647;
			files = (
			);
			inputPaths = (
			);
			name = "[CP] Check Pods Manifest.lock";
			outputPaths = (
			);
			runOnlyForDeploymentPostprocessing = 0;
			shellPath = /bin/sh;
			shellScript = "diff \"${PODS_ROOT}/../Podfile.lock\" \"${PODS_ROOT}/Manifest.lock\" > /dev/null\nif [ $? != 0 ] ; then\n    # print error to STDERR\n    echo \"error: The sandbox is not in sync with the Podfile.lock. Run 'pod install' or update your CocoaPods installation.\" >&2\n    exit 1\nfi\n";
			showEnvVarsInLog = 0;
		};
		F2BF0F5A433EEEE2A6650819 /* [CP] Embed Pods Frameworks */ = {
			isa = PBXShellScriptBuildPhase;
			buildActionMask = 2147483647;
			files = (
			);
			inputPaths = (
			);
			name = "[CP] Embed Pods Frameworks";
			outputPaths = (
			);
			runOnlyForDeploymentPostprocessing = 0;
			shellPath = /bin/sh;
			shellScript = "\"${SRCROOT}/Pods/Target Support Files/Pods-Linguist/Pods-Linguist-frameworks.sh\"\n";
			showEnvVarsInLog = 0;
		};
		F859976EF3DA2E2892C04502 /* [CP] Copy Pods Resources */ = {
			isa = PBXShellScriptBuildPhase;
			buildActionMask = 2147483647;
			files = (
			);
			inputPaths = (
			);
			name = "[CP] Copy Pods Resources";
			outputPaths = (
			);
			runOnlyForDeploymentPostprocessing = 0;
			shellPath = /bin/sh;
			shellScript = "\"${SRCROOT}/Pods/Target Support Files/Pods-Linguist/Pods-Linguist-resources.sh\"\n";
			showEnvVarsInLog = 0;
		};
/* End PBXShellScriptBuildPhase section */

/* Begin PBXSourcesBuildPhase section */
		AAF261911DC532AA0000E024 /* Sources */ = {
			isa = PBXSourcesBuildPhase;
			buildActionMask = 2147483647;
			files = (
				AA456B001DC6E6E300D9FD8B /* DuoSkill.swift in Sources */,
				AAF2619B1DC532AA0000E024 /* MainVC.swift in Sources */,
				AA456B031DC7D02E00D9FD8B /* CircleTileView.swift in Sources */,
				AAF261AD1DC535720000E024 /* DuoClient.swift in Sources */,
				AA456B051DC7E53500D9FD8B /* UserEnterVC.swift in Sources */,
				AA456AFC1DC5422000D9FD8B /* DuoLanguage.swift in Sources */,
				AA456AFE1DC6AA5D00D9FD8B /* DuoImprovement.swift in Sources */,
				AAF261991DC532AA0000E024 /* AppDelegate.swift in Sources */,
				AA456AFA1DC5412300D9FD8B /* DuoUser.swift in Sources */,
			);
			runOnlyForDeploymentPostprocessing = 0;
		};
/* End PBXSourcesBuildPhase section */

/* Begin PBXVariantGroup section */
		AAF2619C1DC532AA0000E024 /* Main.storyboard */ = {
			isa = PBXVariantGroup;
			children = (
				AAF2619D1DC532AA0000E024 /* Base */,
			);
			name = Main.storyboard;
			sourceTree = "<group>";
		};
		AAF261A11DC532AA0000E024 /* LaunchScreen.storyboard */ = {
			isa = PBXVariantGroup;
			children = (
				AAF261A21DC532AA0000E024 /* Base */,
			);
			name = LaunchScreen.storyboard;
			sourceTree = "<group>";
		};
/* End PBXVariantGroup section */

/* Begin XCBuildConfiguration section */
		AAF261A51DC532AA0000E024 /* Debug */ = {
			isa = XCBuildConfiguration;
			buildSettings = {
				ALWAYS_SEARCH_USER_PATHS = NO;
				CLANG_ANALYZER_NONNULL = YES;
				CLANG_CXX_LANGUAGE_STANDARD = "gnu++0x";
				CLANG_CXX_LIBRARY = "libc++";
				CLANG_ENABLE_MODULES = YES;
				CLANG_ENABLE_OBJC_ARC = YES;
				CLANG_WARN_BOOL_CONVERSION = YES;
				CLANG_WARN_CONSTANT_CONVERSION = YES;
				CLANG_WARN_DIRECT_OBJC_ISA_USAGE = YES_ERROR;
				CLANG_WARN_DOCUMENTATION_COMMENTS = YES;
				CLANG_WARN_EMPTY_BODY = YES;
				CLANG_WARN_ENUM_CONVERSION = YES;
				CLANG_WARN_INFINITE_RECURSION = YES;
				CLANG_WARN_INT_CONVERSION = YES;
				CLANG_WARN_OBJC_ROOT_CLASS = YES_ERROR;
				CLANG_WARN_SUSPICIOUS_MOVES = YES;
				CLANG_WARN_UNREACHABLE_CODE = YES;
				CLANG_WARN__DUPLICATE_METHOD_MATCH = YES;
				"CODE_SIGN_IDENTITY[sdk=iphoneos*]" = "iPhone Developer";
				COPY_PHASE_STRIP = NO;
				DEBUG_INFORMATION_FORMAT = dwarf;
				ENABLE_STRICT_OBJC_MSGSEND = YES;
				ENABLE_TESTABILITY = YES;
				GCC_C_LANGUAGE_STANDARD = gnu99;
				GCC_DYNAMIC_NO_PIC = NO;
				GCC_NO_COMMON_BLOCKS = YES;
				GCC_OPTIMIZATION_LEVEL = 0;
				GCC_PREPROCESSOR_DEFINITIONS = (
					"DEBUG=1",
					"$(inherited)",
				);
				GCC_WARN_64_TO_32_BIT_CONVERSION = YES;
				GCC_WARN_ABOUT_RETURN_TYPE = YES_ERROR;
				GCC_WARN_UNDECLARED_SELECTOR = YES;
				GCC_WARN_UNINITIALIZED_AUTOS = YES_AGGRESSIVE;
				GCC_WARN_UNUSED_FUNCTION = YES;
				GCC_WARN_UNUSED_VARIABLE = YES;
				IPHONEOS_DEPLOYMENT_TARGET = 10.1;
				MTL_ENABLE_DEBUG_INFO = YES;
				ONLY_ACTIVE_ARCH = YES;
				SDKROOT = iphoneos;
				SWIFT_ACTIVE_COMPILATION_CONDITIONS = DEBUG;
				SWIFT_OPTIMIZATION_LEVEL = "-Onone";
			};
			name = Debug;
		};
		AAF261A61DC532AA0000E024 /* Release */ = {
			isa = XCBuildConfiguration;
			buildSettings = {
				ALWAYS_SEARCH_USER_PATHS = NO;
				CLANG_ANALYZER_NONNULL = YES;
				CLANG_CXX_LANGUAGE_STANDARD = "gnu++0x";
				CLANG_CXX_LIBRARY = "libc++";
				CLANG_ENABLE_MODULES = YES;
				CLANG_ENABLE_OBJC_ARC = YES;
				CLANG_WARN_BOOL_CONVERSION = YES;
				CLANG_WARN_CONSTANT_CONVERSION = YES;
				CLANG_WARN_DIRECT_OBJC_ISA_USAGE = YES_ERROR;
				CLANG_WARN_DOCUMENTATION_COMMENTS = YES;
				CLANG_WARN_EMPTY_BODY = YES;
				CLANG_WARN_ENUM_CONVERSION = YES;
				CLANG_WARN_INFINITE_RECURSION = YES;
				CLANG_WARN_INT_CONVERSION = YES;
				CLANG_WARN_OBJC_ROOT_CLASS = YES_ERROR;
				CLANG_WARN_SUSPICIOUS_MOVES = YES;
				CLANG_WARN_UNREACHABLE_CODE = YES;
				CLANG_WARN__DUPLICATE_METHOD_MATCH = YES;
				"CODE_SIGN_IDENTITY[sdk=iphoneos*]" = "iPhone Developer";
				COPY_PHASE_STRIP = NO;
				DEBUG_INFORMATION_FORMAT = "dwarf-with-dsym";
				ENABLE_NS_ASSERTIONS = NO;
				ENABLE_STRICT_OBJC_MSGSEND = YES;
				GCC_C_LANGUAGE_STANDARD = gnu99;
				GCC_NO_COMMON_BLOCKS = YES;
				GCC_WARN_64_TO_32_BIT_CONVERSION = YES;
				GCC_WARN_ABOUT_RETURN_TYPE = YES_ERROR;
				GCC_WARN_UNDECLARED_SELECTOR = YES;
				GCC_WARN_UNINITIALIZED_AUTOS = YES_AGGRESSIVE;
				GCC_WARN_UNUSED_FUNCTION = YES;
				GCC_WARN_UNUSED_VARIABLE = YES;
				IPHONEOS_DEPLOYMENT_TARGET = 10.1;
				MTL_ENABLE_DEBUG_INFO = NO;
				SDKROOT = iphoneos;
				SWIFT_OPTIMIZATION_LEVEL = "-Owholemodule";
				VALIDATE_PRODUCT = YES;
			};
			name = Release;
		};
		AAF261A81DC532AA0000E024 /* Debug */ = {
			isa = XCBuildConfiguration;
			baseConfigurationReference = 608E50722660DA1C2B684B20 /* Pods-Linguist.debug.xcconfig */;
			buildSettings = {
				ASSETCATALOG_COMPILER_APPICON_NAME = AppIcon;
				DEVELOPMENT_TEAM = 47V5P5JJNR;
				INFOPLIST_FILE = Linguist/Info.plist;
				LD_RUNPATH_SEARCH_PATHS = "$(inherited) @executable_path/Frameworks";
				PRODUCT_BUNDLE_IDENTIFIER = tol.Linguist;
				PRODUCT_NAME = "$(TARGET_NAME)";
				SWIFT_VERSION = 3.0;
			};
			name = Debug;
		};
		AAF261A91DC532AA0000E024 /* Release */ = {
			isa = XCBuildConfiguration;
			baseConfigurationReference = BFC676647AF36D8E021C9EEF /* Pods-Linguist.release.xcconfig */;
			buildSettings = {
				ASSETCATALOG_COMPILER_APPICON_NAME = AppIcon;
				DEVELOPMENT_TEAM = 47V5P5JJNR;
				INFOPLIST_FILE = Linguist/Info.plist;
				LD_RUNPATH_SEARCH_PATHS = "$(inherited) @executable_path/Frameworks";
				PRODUCT_BUNDLE_IDENTIFIER = tol.Linguist;
				PRODUCT_NAME = "$(TARGET_NAME)";
				SWIFT_VERSION = 3.0;
			};
			name = Release;
		};
/* End XCBuildConfiguration section */

/* Begin XCConfigurationList section */
		AAF261901DC532AA0000E024 /* Build configuration list for PBXProject "Linguist" */ = {
			isa = XCConfigurationList;
			buildConfigurations = (
				AAF261A51DC532AA0000E024 /* Debug */,
				AAF261A61DC532AA0000E024 /* Release */,
			);
			defaultConfigurationIsVisible = 0;
			defaultConfigurationName = Release;
		};
		AAF261A71DC532AA0000E024 /* Build configuration list for PBXNativeTarget "Linguist" */ = {
			isa = XCConfigurationList;
			buildConfigurations = (
				AAF261A81DC532AA0000E024 /* Debug */,
				AAF261A91DC532AA0000E024 /* Release */,
			);
			defaultConfigurationIsVisible = 0;
			defaultConfigurationName = Release;
		};
/* End XCConfigurationList section */
	};
	rootObject = AAF2618D1DC532AA0000E024 /* Project object */;
}
